
Microsoft Visual Studio Solution File, Format Version 12.00
# Visual Studio 2013
VisualStudioVersion = 12.0.31101.0
MinimumVisualStudioVersion = 10.0.40219.1
Project("{FAE04EC0-301F-11D3-BF4B-00C04F79EFBC}") = "jbbBackEndV2", "jbbBackEndV2\jbbBackEndV2.csproj", "{02DB4C46-C6DD-44B0-A8CC-6AD6D8CD1662}"
EndProject
Global
	GlobalSection(SolutionConfigurationPlatforms) = preSolution
		Debug|Any CPU = Debug|Any CPU
		Release|Any CPU = Release|Any CPU
	EndGlobalSection
	GlobalSection(ProjectConfigurationPlatforms) = postSolution
		{02DB4C46-C6DD-44B0-A8CC-6AD6D8CD1662}.Debug|Any CPU.ActiveCfg = Debug|Any CPU
		{02DB4C46-C6DD-44B0-A8CC-6AD6D8CD1662}.Debug|Any CPU.Build.0 = Debug|Any CPU
		{02DB4C46-C6DD-44B0-A8CC-6AD6D8CD1662}.Release|Any CPU.ActiveCfg = Release|Any CPU
		{02DB4C46-C6DD-44B0-A8CC-6AD6D8CD1662}.Release|Any CPU.Build.0 = Release|Any CPU
	EndGlobalSection
	GlobalSection(SolutionProperties) = preSolution
		HideSolutionNode = FALSE
	EndGlobalSection
EndGlobal
